
Microsoft Visual Studio Solution File, Format Version 12.00
# Visual Studio Version 17
VisualStudioVersion = 17.14.36429.23
MinimumVisualStudioVersion = 10.0.40219.1
Project("{FAE04EC0-301F-11D3-BF4B-00C04F79EFBC}") = "WebAppMVC", ".\WEBAPPMVC\WebAppMVC.csproj", "{0204B507-E370-4150-AA12-D16512C48EEF}"
EndProject
Project("{FAE04EC0-301F-11D3-BF4B-00C04F79EFBC}") = "WebApp_Utility", ".\WEBAPP_Utility\WebApp_Utility.csproj", "{1A92DB73-1A0F-40D1-9369-643692B9D01A}"
EndProject
Project("{FAE04EC0-301F-11D3-BF4B-00C04F79EFBC}") = "WebApp_Models", ".\WebApp_Models\WebApp_Models.csproj", "{8B082D3B-17D0-4CD8-AAEA-508C0F0F475A}"
EndProject
Project("{FAE04EC0-301F-11D3-BF4B-00C04F79EFBC}") = "WebApp_DataAccess", ".\WebApp_DataAccess\WebApp_DataAccess.csproj", "{ACAB24BC-F768-63C3-8A80-FB675A2DCB76}"
EndProject
Global
	GlobalSection(SolutionConfigurationPlatforms) = preSolution
		Debug|Any CPU = Debug|Any CPU
		Release|Any CPU = Release|Any CPU
	EndGlobalSection
	GlobalSection(ProjectConfigurationPlatforms) = postSolution
		{0204B507-E370-4150-AA12-D16512C48EEF}.Debug|Any CPU.ActiveCfg = Debug|Any CPU
		{0204B507-E370-4150-AA12-D16512C48EEF}.Debug|Any CPU.Build.0 = Debug|Any CPU
		{0204B507-E370-4150-AA12-D16512C48EEF}.Release|Any CPU.ActiveCfg = Release|Any CPU
		{0204B507-E370-4150-AA12-D16512C48EEF}.Release|Any CPU.Build.0 = Release|Any CPU
		{1A92DB73-1A0F-40D1-9369-643692B9D01A}.Debug|Any CPU.ActiveCfg = Debug|Any CPU
		{1A92DB73-1A0F-40D1-9369-643692B9D01A}.Debug|Any CPU.Build.0 = Debug|Any CPU
		{1A92DB73-1A0F-40D1-9369-643692B9D01A}.Release|Any CPU.ActiveCfg = Release|Any CPU
		{1A92DB73-1A0F-40D1-9369-643692B9D01A}.Release|Any CPU.Build.0 = Release|Any CPU
		{8B082D3B-17D0-4CD8-AAEA-508C0F0F475A}.Debug|Any CPU.ActiveCfg = Debug|Any CPU
		{8B082D3B-17D0-4CD8-AAEA-508C0F0F475A}.Debug|Any CPU.Build.0 = Debug|Any CPU
		{8B082D3B-17D0-4CD8-AAEA-508C0F0F475A}.Release|Any CPU.ActiveCfg = Release|Any CPU
		{8B082D3B-17D0-4CD8-AAEA-508C0F0F475A}.Release|Any CPU.Build.0 = Release|Any CPU
		{ACAB24BC-F768-63C3-8A80-FB675A2DCB76}.Debug|Any CPU.ActiveCfg = Debug|Any CPU
		{ACAB24BC-F768-63C3-8A80-FB675A2DCB76}.Debug|Any CPU.Build.0 = Debug|Any CPU
		{ACAB24BC-F768-63C3-8A80-FB675A2DCB76}.Release|Any CPU.ActiveCfg = Release|Any CPU
		{ACAB24BC-F768-63C3-8A80-FB675A2DCB76}.Release|Any CPU.Build.0 = Release|Any CPU
	EndGlobalSection
	GlobalSection(SolutionProperties) = preSolution
		HideSolutionNode = FALSE
	EndGlobalSection
	GlobalSection(ExtensibilityGlobals) = postSolution
		SolutionGuid = {E26A8BA7-7086-4FE7-B30C-160E2E47C3F5}
	EndGlobalSection
EndGlobal
